
Microsoft Visual Studio Solution File, Format Version 12.00
# Visual Studio 15
VisualStudioVersion = 15.0.27703.2035
MinimumVisualStudioVersion = 10.0.40219.1
Project("{9A19103F-16F7-4668-BE54-9A1E7A4F7556}") = "IyzipayCore", "src\IyzipayCore\IyzipayCore.csproj", "{D94CE766-6479-45F0-AD6C-7D1CD5F04D1C}"
EndProject
Project("{9A19103F-16F7-4668-BE54-9A1E7A4F7556}") = "IyzipayCore.Samples", "src\IyzipayCore.Samples\IyzipayCore.Samples.csproj", "{ED83EC7E-9836-45E8-9CDC-1652D23499CF}"
EndProject
Project("{2150E333-8FDC-42A3-9474-1A3956D46DE8}") = "Solution Items", "Solution Items", "{3B06B71F-5CD3-4213-A0D7-A48DB2775CC5}"
	ProjectSection(SolutionItems) = preProject
		.gitattributes = .gitattributes
		.gitignore = .gitignore
		.travis.yml = .travis.yml
		README.md = README.md
		VERSION = VERSION
	EndProjectSection
EndProject
Global
	GlobalSection(SolutionConfigurationPlatforms) = preSolution
		Debug|Any CPU = Debug|Any CPU
		Release|Any CPU = Release|Any CPU
	EndGlobalSection
	GlobalSection(ProjectConfigurationPlatforms) = postSolution
		{D94CE766-6479-45F0-AD6C-7D1CD5F04D1C}.Debug|Any CPU.ActiveCfg = Debug|Any CPU
		{D94CE766-6479-45F0-AD6C-7D1CD5F04D1C}.Debug|Any CPU.Build.0 = Debug|Any CPU
		{D94CE766-6479-45F0-AD6C-7D1CD5F04D1C}.Release|Any CPU.ActiveCfg = Release|Any CPU
		{D94CE766-6479-45F0-AD6C-7D1CD5F04D1C}.Release|Any CPU.Build.0 = Release|Any CPU
		{ED83EC7E-9836-45E8-9CDC-1652D23499CF}.Debug|Any CPU.ActiveCfg = Debug|Any CPU
		{ED83EC7E-9836-45E8-9CDC-1652D23499CF}.Debug|Any CPU.Build.0 = Debug|Any CPU
		{ED83EC7E-9836-45E8-9CDC-1652D23499CF}.Release|Any CPU.ActiveCfg = Release|Any CPU
		{ED83EC7E-9836-45E8-9CDC-1652D23499CF}.Release|Any CPU.Build.0 = Release|Any CPU
	EndGlobalSection
	GlobalSection(SolutionProperties) = preSolution
		HideSolutionNode = FALSE
	EndGlobalSection
	GlobalSection(ExtensibilityGlobals) = postSolution
		SolutionGuid = {3229EF71-794C-45C1-976E-238968E1F315}
	EndGlobalSection
EndGlobal
